
Microsoft Visual Studio Solution File, Format Version 12.00
# Visual Studio Version 17
VisualStudioVersion = 17.8.34330.188
MinimumVisualStudioVersion = 10.0.40219.1
Project("{FAE04EC0-301F-11D3-BF4B-00C04F79EFBC}") = "ScottPlotDemo", "ScottPlotDemo.csproj", "{714A535C-054F-477C-97C6-0CBC47F83BDD}"
EndProject
Global
	GlobalSection(SolutionConfigurationPlatforms) = preSolution
		Debug|Any CPU = Debug|Any CPU
		Release|Any CPU = Release|Any CPU
	EndGlobalSection
	GlobalSection(ProjectConfigurationPlatforms) = postSolution
		{714A535C-054F-477C-97C6-0CBC47F83BDD}.Debug|Any CPU.ActiveCfg = Debug|Any CPU
		{714A535C-054F-477C-97C6-0CBC47F83BDD}.Debug|Any CPU.Build.0 = Debug|Any CPU
		{714A535C-054F-477C-97C6-0CBC47F83BDD}.Release|Any CPU.ActiveCfg = Release|Any CPU
		{714A535C-054F-477C-97C6-0CBC47F83BDD}.Release|Any CPU.Build.0 = Release|Any CPU
	EndGlobalSection
	GlobalSection(SolutionProperties) = preSolution
		HideSolutionNode = FALSE
	EndGlobalSection
	GlobalSection(ExtensibilityGlobals) = postSolution
		SolutionGuid = {E7A53978-7375-426B-AEC9-AAEF2DF3CF2C}
	EndGlobalSection
EndGlobal
